schema: '2.0'
stages:
  build_models:
    cmd: tar czf build/brand-cls-models.tar.gz data/models/brands-classification/
      data/models/brands-classification-with-footshop/ data/features/brands-classification/
      data/merged-with-footshop/metadata/
    deps:
    - path: data/features/brands-classification/
      hash: md5
      md5: 6d2ad3f4268710226cddb0ef7a05489c.dir
      size: 652366768
      nfiles: 12
    - path: data/models/brands-classification/
      hash: md5
      md5: 9ebcc430af5bf0240c1f510c59001c7a.dir
      size: 751763563
      nfiles: 23
    outs:
    - path: build/brand-cls-models.tar.gz
      hash: md5
      md5: 7462af09df68e956dd77722e4cb3e6c8
      size: 1422942513
  upload_brand_classification_models:
    cmd: aws s3 cp build/brand-cls-models.tar.gz s3://sneaker-ml-models/brand-cls-models.tar.gz
      --endpoint-url https://storage.yandexcloud.net
    deps:
    - path: build/brand-cls-models.tar.gz
      hash: md5
      md5: 7462af09df68e956dd77722e4cb3e6c8
      size: 1422942513
