schema: '2.0'
stages:
  build_models:
    cmd: tar czf build/brand-cls-models.tar.gz data/merged-with-footshop/metadata/
      data/models/brands-classification-with-footshop/ data/models/similarity_search/
    deps:
    - path: data/merged-with-footshop/metadata/
      hash: md5
      md5: ea0a3bdfcc849019c551ba6ee973e67d.dir
      size: 3348536
      nfiles: 4
    - path: data/models/brands-classification-with-footshop/
      hash: md5
      md5: cc136daad390e42ba003be0e328bedf6.dir
      size: 232612934
      nfiles: 3
    - path: data/models/similarity_search/
      hash: md5
      md5: eab737eba7faf327cc6d91cf5999304d.dir
      size: 696957138
      nfiles: 3
    outs:
    - path: build/brand-cls-models.tar.gz
      hash: md5
      md5: c2deb591312c9d8700cd08f72945a343
      size: 665920025
  upload_brand_classification_models:
    cmd: aws s3 cp build/brand-cls-models.tar.gz s3://sneaker-ml-models/brand-cls-models.tar.gz
      --endpoint-url https://storage.yandexcloud.net
    deps:
    - path: build/brand-cls-models.tar.gz
      hash: md5
      md5: c2deb591312c9d8700cd08f72945a343
      size: 665920025
